[ "eper": {:git, "https://github.com/massemanet/eper/", "8cf87a6088f3a6e779075777578191556c551850", []},
  "luerl": {:git, "https://github.com/rvirding/luerl.git", "e28023f55fb5f9c2c8ece51b76d914e2adc168d9", [{:branch, "new-engine"}]},
  "ranch": {:git, "https://github.com/extend/ranch.git", "53be20d25f94095ec9b44c5bd03cf158dd5a6820", [{:tag, "0.8.3"}]},
  "relex": {:git, "git://github.com/yrashk/relex.git", "59ca8af106d7a71d0e75d65db489ca362f64e244", []} ]
